
Microsoft Visual Studio Solution File, Format Version 12.00
# Visual Studio Version 17
VisualStudioVersion = 17.9.34728.123
MinimumVisualStudioVersion = 10.0.40219.1
Project("{54A90642-561A-4BB1-A94E-469ADEE60C69}") = "texteditor", "texteditor\texteditor.esproj", "{1D12ADAE-5210-4A83-AF74-51E3477662D7}"
EndProject
Global
	GlobalSection(SolutionConfigurationPlatforms) = preSolution
		Debug|Any CPU = Debug|Any CPU
		Release|Any CPU = Release|Any CPU
	EndGlobalSection
	GlobalSection(ProjectConfigurationPlatforms) = postSolution
		{1D12ADAE-5210-4A83-AF74-51E3477662D7}.Debug|Any CPU.ActiveCfg = Debug|Any CPU
		{1D12ADAE-5210-4A83-AF74-51E3477662D7}.Debug|Any CPU.Build.0 = Debug|Any CPU
		{1D12ADAE-5210-4A83-AF74-51E3477662D7}.Debug|Any CPU.Deploy.0 = Debug|Any CPU
		{1D12ADAE-5210-4A83-AF74-51E3477662D7}.Release|Any CPU.ActiveCfg = Release|Any CPU
		{1D12ADAE-5210-4A83-AF74-51E3477662D7}.Release|Any CPU.Build.0 = Release|Any CPU
		{1D12ADAE-5210-4A83-AF74-51E3477662D7}.Release|Any CPU.Deploy.0 = Release|Any CPU
	EndGlobalSection
	GlobalSection(SolutionProperties) = preSolution
		HideSolutionNode = FALSE
	EndGlobalSection
	GlobalSection(ExtensibilityGlobals) = postSolution
		SolutionGuid = {AA9AAFEB-069E-489A-B53E-0BB5CA243B73}
	EndGlobalSection
EndGlobal
